
Microsoft Visual Studio Solution File, Format Version 12.00
# Visual Studio 15
VisualStudioVersion = 15.0.28307.539
MinimumVisualStudioVersion = 10.0.40219.1
Project("{FAE04EC0-301F-11D3-BF4B-00C04F79EFBC}") = "MyProject.Specs", "MyProject.Specs\MyProject.Specs.csproj", "{8E490946-5067-4846-A034-B90404FE5884}"
EndProject
Project("{FAE04EC0-301F-11D3-BF4B-00C04F79EFBC}") = "Example", "Example\Example.csproj", "{313D9D4A-647F-4B30-B7CD-E9239AEF4060}"
EndProject
Global
	GlobalSection(SolutionConfigurationPlatforms) = preSolution
		Debug|Any CPU = Debug|Any CPU
		Release|Any CPU = Release|Any CPU
	EndGlobalSection
	GlobalSection(ProjectConfigurationPlatforms) = postSolution
		{8E490946-5067-4846-A034-B90404FE5884}.Debug|Any CPU.ActiveCfg = Debug|Any CPU
		{8E490946-5067-4846-A034-B90404FE5884}.Debug|Any CPU.Build.0 = Debug|Any CPU
		{8E490946-5067-4846-A034-B90404FE5884}.Release|Any CPU.ActiveCfg = Release|Any CPU
		{8E490946-5067-4846-A034-B90404FE5884}.Release|Any CPU.Build.0 = Release|Any CPU
		{313D9D4A-647F-4B30-B7CD-E9239AEF4060}.Debug|Any CPU.ActiveCfg = Debug|Any CPU
		{313D9D4A-647F-4B30-B7CD-E9239AEF4060}.Debug|Any CPU.Build.0 = Debug|Any CPU
		{313D9D4A-647F-4B30-B7CD-E9239AEF4060}.Release|Any CPU.ActiveCfg = Release|Any CPU
		{313D9D4A-647F-4B30-B7CD-E9239AEF4060}.Release|Any CPU.Build.0 = Release|Any CPU
	EndGlobalSection
	GlobalSection(SolutionProperties) = preSolution
		HideSolutionNode = FALSE
	EndGlobalSection
	GlobalSection(ExtensibilityGlobals) = postSolution
		SolutionGuid = {F101E62C-C4DA-40E1-B5E5-1639621533AC}
	EndGlobalSection
EndGlobal
